
Microsoft Visual Studio Solution File, Format Version 12.00
# Visual Studio Version 17
VisualStudioVersion = 17.4.33213.308
MinimumVisualStudioVersion = 10.0.40219.1
Project("{FAE04EC0-301F-11D3-BF4B-00C04F79EFBC}") = "WebApiListaDeTarefas", "WebApiListaDeTarefas.csproj", "{B5F04C33-BDB4-4A57-A88F-4D19FF6CA9B7}"
EndProject
Global
	GlobalSection(SolutionConfigurationPlatforms) = preSolution
		Debug|Any CPU = Debug|Any CPU
		Release|Any CPU = Release|Any CPU
	EndGlobalSection
	GlobalSection(ProjectConfigurationPlatforms) = postSolution
		{B5F04C33-BDB4-4A57-A88F-4D19FF6CA9B7}.Debug|Any CPU.ActiveCfg = Debug|Any CPU
		{B5F04C33-BDB4-4A57-A88F-4D19FF6CA9B7}.Debug|Any CPU.Build.0 = Debug|Any CPU
		{B5F04C33-BDB4-4A57-A88F-4D19FF6CA9B7}.Release|Any CPU.ActiveCfg = Release|Any CPU
		{B5F04C33-BDB4-4A57-A88F-4D19FF6CA9B7}.Release|Any CPU.Build.0 = Release|Any CPU
	EndGlobalSection
	GlobalSection(SolutionProperties) = preSolution
		HideSolutionNode = FALSE
	EndGlobalSection
	GlobalSection(ExtensibilityGlobals) = postSolution
		SolutionGuid = {824E4140-D973-4A36-9F41-A404555C7351}
	EndGlobalSection
EndGlobal
